
Microsoft Visual Studio Solution File, Format Version 12.00
# Visual Studio Version 17
VisualStudioVersion = 17.14.36518.9 d17.14
MinimumVisualStudioVersion = 10.0.40219.1
Project("{FAE04EC0-301F-11D3-BF4B-00C04F79EFBC}") = "prySilvaMenendez_SP3.AutoTest", "prySilvaMenendez_SP3.AutoTest\prySilvaMenendez_SP3.AutoTest.csproj", "{A6CD9855-066A-40A6-AD37-7F2F385E4628}"
EndProject
Global
	GlobalSection(SolutionConfigurationPlatforms) = preSolution
		Debug|Any CPU = Debug|Any CPU
		Release|Any CPU = Release|Any CPU
	EndGlobalSection
	GlobalSection(ProjectConfigurationPlatforms) = postSolution
		{A6CD9855-066A-40A6-AD37-7F2F385E4628}.Debug|Any CPU.ActiveCfg = Debug|Any CPU
		{A6CD9855-066A-40A6-AD37-7F2F385E4628}.Debug|Any CPU.Build.0 = Debug|Any CPU
		{A6CD9855-066A-40A6-AD37-7F2F385E4628}.Release|Any CPU.ActiveCfg = Release|Any CPU
		{A6CD9855-066A-40A6-AD37-7F2F385E4628}.Release|Any CPU.Build.0 = Release|Any CPU
	EndGlobalSection
	GlobalSection(SolutionProperties) = preSolution
		HideSolutionNode = FALSE
	EndGlobalSection
	GlobalSection(ExtensibilityGlobals) = postSolution
		SolutionGuid = {68527280-D0C9-4B11-B394-FD34FD989A18}
	EndGlobalSection
EndGlobal
